
Microsoft Visual Studio Solution File, Format Version 12.00
# Visual Studio Version 17
VisualStudioVersion = 17.14.36623.8 d17.14
MinimumVisualStudioVersion = 10.0.40219.1
Project("{FAE04EC0-301F-11D3-BF4B-00C04F79EFBC}") = "Simfocus_Helipad_Manager_Map", "Simfocus_Helipad_Manager_Map.csproj", "{484942C2-A071-4B29-83C5-C1141DB98566}"
EndProject
Global
	GlobalSection(SolutionConfigurationPlatforms) = preSolution
		Debug|Any CPU = Debug|Any CPU
		Release|Any CPU = Release|Any CPU
	EndGlobalSection
	GlobalSection(ProjectConfigurationPlatforms) = postSolution
		{484942C2-A071-4B29-83C5-C1141DB98566}.Debug|Any CPU.ActiveCfg = Debug|Any CPU
		{484942C2-A071-4B29-83C5-C1141DB98566}.Debug|Any CPU.Build.0 = Debug|Any CPU
		{484942C2-A071-4B29-83C5-C1141DB98566}.Release|Any CPU.ActiveCfg = Release|Any CPU
		{484942C2-A071-4B29-83C5-C1141DB98566}.Release|Any CPU.Build.0 = Release|Any CPU
	EndGlobalSection
	GlobalSection(SolutionProperties) = preSolution
		HideSolutionNode = FALSE
	EndGlobalSection
	GlobalSection(ExtensibilityGlobals) = postSolution
		SolutionGuid = {DB72CFE2-1726-44D1-9F0D-23CCA5746AD8}
	EndGlobalSection
EndGlobal
